
Microsoft Visual Studio Solution File, Format Version 12.00
# Visual Studio Version 17
VisualStudioVersion = 17.5.33530.505
MinimumVisualStudioVersion = 10.0.40219.1
Project("{9A19103F-16F7-4668-BE54-9A1E7A4F7556}") = "CarSimulation", "CarSimulation\CarSimulation.csproj", "{54A32BEE-BE9E-4019-81A8-C029F06B76EF}"
EndProject
Project("{9A19103F-16F7-4668-BE54-9A1E7A4F7556}") = "CarSimulationTests", "CarSimultaionTests\CarSimulationTests.csproj", "{379C3048-D8C6-4BB3-84FE-F468283FD8CD}"
EndProject
Global
	GlobalSection(SolutionConfigurationPlatforms) = preSolution
		Debug|Any CPU = Debug|Any CPU
		Release|Any CPU = Release|Any CPU
	EndGlobalSection
	GlobalSection(ProjectConfigurationPlatforms) = postSolution
		{54A32BEE-BE9E-4019-81A8-C029F06B76EF}.Debug|Any CPU.ActiveCfg = Debug|Any CPU
		{54A32BEE-BE9E-4019-81A8-C029F06B76EF}.Debug|Any CPU.Build.0 = Debug|Any CPU
		{54A32BEE-BE9E-4019-81A8-C029F06B76EF}.Release|Any CPU.ActiveCfg = Release|Any CPU
		{54A32BEE-BE9E-4019-81A8-C029F06B76EF}.Release|Any CPU.Build.0 = Release|Any CPU
		{379C3048-D8C6-4BB3-84FE-F468283FD8CD}.Debug|Any CPU.ActiveCfg = Debug|Any CPU
		{379C3048-D8C6-4BB3-84FE-F468283FD8CD}.Debug|Any CPU.Build.0 = Debug|Any CPU
		{379C3048-D8C6-4BB3-84FE-F468283FD8CD}.Release|Any CPU.ActiveCfg = Release|Any CPU
		{379C3048-D8C6-4BB3-84FE-F468283FD8CD}.Release|Any CPU.Build.0 = Release|Any CPU
	EndGlobalSection
	GlobalSection(SolutionProperties) = preSolution
		HideSolutionNode = FALSE
	EndGlobalSection
	GlobalSection(ExtensibilityGlobals) = postSolution
		SolutionGuid = {87B057E4-FAAB-4372-AB04-FADA6617F494}
	EndGlobalSection
EndGlobal
